
Microsoft Visual Studio Solution File, Format Version 12.00
# Visual Studio Version 17
VisualStudioVersion = 17.4.33213.308
MinimumVisualStudioVersion = 10.0.40219.1
Project("{FAE04EC0-301F-11D3-BF4B-00C04F79EFBC}") = "Kanbardoo.WebAPI", "Kanbardoo.WebAPI\Kanbardoo.WebAPI.csproj", "{7C5752FB-8345-4D8B-B7CC-12BC2418A8FA}"
EndProject
Project("{2150E333-8FDC-42A3-9474-1A3956D46DE8}") = "src", "src", "{422B9089-A7A3-4A32-8804-82DFD18F9A9A}"
EndProject
Project("{2150E333-8FDC-42A3-9474-1A3956D46DE8}") = "documentation", "documentation", "{16348DA0-AA68-4AE2-8589-16BDBCA2B144}"
	ProjectSection(SolutionItems) = preProject
		BoardDefinition.txt = BoardDefinition.txt
	EndProjectSection
EndProject
Project("{2150E333-8FDC-42A3-9474-1A3956D46DE8}") = "tests", "tests", "{09AABF5B-6D36-4237-9310-0C61C9A9A561}"
EndProject
Global
	GlobalSection(SolutionConfigurationPlatforms) = preSolution
		Debug|Any CPU = Debug|Any CPU
		Release|Any CPU = Release|Any CPU
	EndGlobalSection
	GlobalSection(ProjectConfigurationPlatforms) = postSolution
		{7C5752FB-8345-4D8B-B7CC-12BC2418A8FA}.Debug|Any CPU.ActiveCfg = Debug|Any CPU
		{7C5752FB-8345-4D8B-B7CC-12BC2418A8FA}.Debug|Any CPU.Build.0 = Debug|Any CPU
		{7C5752FB-8345-4D8B-B7CC-12BC2418A8FA}.Release|Any CPU.ActiveCfg = Release|Any CPU
		{7C5752FB-8345-4D8B-B7CC-12BC2418A8FA}.Release|Any CPU.Build.0 = Release|Any CPU
	EndGlobalSection
	GlobalSection(SolutionProperties) = preSolution
		HideSolutionNode = FALSE
	EndGlobalSection
	GlobalSection(NestedProjects) = preSolution
		{7C5752FB-8345-4D8B-B7CC-12BC2418A8FA} = {422B9089-A7A3-4A32-8804-82DFD18F9A9A}
	EndGlobalSection
	GlobalSection(ExtensibilityGlobals) = postSolution
		SolutionGuid = {AD0C6484-59C4-4CA0-9C45-9EDB846C0F38}
	EndGlobalSection
EndGlobal
